
Microsoft Visual Studio Solution File, Format Version 12.00
# Visual Studio Version 16
VisualStudioVersion = 16.0.30803.129
MinimumVisualStudioVersion = 10.0.40219.1
Project("{9A19103F-16F7-4668-BE54-9A1E7A4F7556}") = "Drastic.Common", "Drastic.Common\Drastic.Common.csproj", "{46D17405-3F24-4E87-9B92-B4D32D2BBB87}"
EndProject
Project("{9A19103F-16F7-4668-BE54-9A1E7A4F7556}") = "Drastic.Common.Forms", "Drastic.Common.Forms\Drastic.Common.Forms.csproj", "{0AE1CA21-36AE-4BF1-A2F6-B0F53928A0A2}"
EndProject
Project("{2150E333-8FDC-42A3-9474-1A3956D46DE8}") = "Mobile App", "Mobile App", "{5CE96734-7673-48EA-9B6E-B412232C9A6A}"
EndProject
Project("{9A19103F-16F7-4668-BE54-9A1E7A4F7556}") = "Drastic.Mobile.Test", "Drastic.Mobile.Test\Drastic.Mobile.Test\Drastic.Mobile.Test.csproj", "{12AB98BB-55E6-4E2C-9DF9-3D39C42ED8DB}"
EndProject
Project("{FAE04EC0-301F-11D3-BF4B-00C04F79EFBC}") = "Drastic.Mobile.Test.Android", "Drastic.Mobile.Test\Drastic.Mobile.Test.Android\Drastic.Mobile.Test.Android.csproj", "{1D8F3B10-56E5-4261-A4B8-CDBAE2B5C2BF}"
EndProject
Project("{FAE04EC0-301F-11D3-BF4B-00C04F79EFBC}") = "Drastic.Mobile.Test.iOS", "Drastic.Mobile.Test\Drastic.Mobile.Test.iOS\Drastic.Mobile.Test.iOS.csproj", "{65E632B9-F5BE-45CC-B33B-6AE3CE1F6C3B}"
EndProject
Project("{FAE04EC0-301F-11D3-BF4B-00C04F79EFBC}") = "Drastic.Mobile.Test.UWP", "Drastic.Mobile.Test\Drastic.Mobile.Test.UWP\Drastic.Mobile.Test.UWP.csproj", "{F008B9A5-CC70-4B17-9C39-2E4B93CD4F46}"
EndProject
Project("{2150E333-8FDC-42A3-9474-1A3956D46DE8}") = "Xamarin Forms", "Xamarin Forms", "{23D95050-F99A-4AC4-B67C-DF8B1F576F83}"
EndProject
Project("{FAE04EC0-301F-11D3-BF4B-00C04F79EFBC}") = "Drastic.Forms.Android", "Drastic.Forms.Android\Drastic.Forms.Android.csproj", "{2D79E419-3177-432A-BC6B-66D8A95E5DDE}"
EndProject
Project("{FAE04EC0-301F-11D3-BF4B-00C04F79EFBC}") = "Drastic.Forms.iOS", "Drastic.Forms.iOS\Drastic.Forms.iOS.csproj", "{B281BA4E-AD9A-490B-87E0-742F71480C17}"
EndProject
Project("{FAE04EC0-301F-11D3-BF4B-00C04F79EFBC}") = "Drastic.Forms.UWP", "Drastic.Forms.UWP\Drastic.Forms.UWP.csproj", "{621CD3EF-9C49-4B17-ACC2-2BECDAEEB2D6}"
EndProject
Global
	GlobalSection(SolutionConfigurationPlatforms) = preSolution
		Debug|Any CPU = Debug|Any CPU
		Debug|ARM = Debug|ARM
		Debug|ARM64 = Debug|ARM64
		Debug|iPhone = Debug|iPhone
		Debug|iPhoneSimulator = Debug|iPhoneSimulator
		Debug|x64 = Debug|x64
		Debug|x86 = Debug|x86
		Release|Any CPU = Release|Any CPU
		Release|ARM = Release|ARM
		Release|ARM64 = Release|ARM64
		Release|iPhone = Release|iPhone
		Release|iPhoneSimulator = Release|iPhoneSimulator
		Release|x64 = Release|x64
		Release|x86 = Release|x86
	EndGlobalSection
	GlobalSection(ProjectConfigurationPlatforms) = postSolution
		{46D17405-3F24-4E87-9B92-B4D32D2BBB87}.Debug|Any CPU.ActiveCfg = Debug|Any CPU
		{46D17405-3F24-4E87-9B92-B4D32D2BBB87}.Debug|Any CPU.Build.0 = Debug|Any CPU
		{46D17405-3F24-4E87-9B92-B4D32D2BBB87}.Debug|ARM.ActiveCfg = Debug|Any CPU
		{46D17405-3F24-4E87-9B92-B4D32D2BBB87}.Debug|ARM.Build.0 = Debug|Any CPU
		{46D17405-3F24-4E87-9B92-B4D32D2BBB87}.Debug|ARM64.ActiveCfg = Debug|Any CPU
		{46D17405-3F24-4E87-9B92-B4D32D2BBB87}.Debug|ARM64.Build.0 = Debug|Any CPU
		{46D17405-3F24-4E87-9B92-B4D32D2BBB87}.Debug|iPhone.ActiveCfg = Debug|Any CPU
		{46D17405-3F24-4E87-9B92-B4D32D2BBB87}.Debug|iPhone.Build.0 = Debug|Any CPU
		{46D17405-3F24-4E87-9B92-B4D32D2BBB87}.Debug|iPhoneSimulator.ActiveCfg = Debug|Any CPU
		{46D17405-3F24-4E87-9B92-B4D32D2BBB87}.Debug|iPhoneSimulator.Build.0 = Debug|Any CPU
		{46D17405-3F24-4E87-9B92-B4D32D2BBB87}.Debug|x64.ActiveCfg = Debug|Any CPU
		{46D17405-3F24-4E87-9B92-B4D32D2BBB87}.Debug|x64.Build.0 = Debug|Any CPU
		{46D17405-3F24-4E87-9B92-B4D32D2BBB87}.Debug|x86.ActiveCfg = Debug|Any CPU
		{46D17405-3F24-4E87-9B92-B4D32D2BBB87}.Debug|x86.Build.0 = Debug|Any CPU
		{46D17405-3F24-4E87-9B92-B4D32D2BBB87}.Release|Any CPU.ActiveCfg = Release|Any CPU
		{46D17405-3F24-4E87-9B92-B4D32D2BBB87}.Release|Any CPU.Build.0 = Release|Any CPU
		{46D17405-3F24-4E87-9B92-B4D32D2BBB87}.Release|ARM.ActiveCfg = Release|Any CPU
		{46D17405-3F24-4E87-9B92-B4D32D2BBB87}.Release|ARM.Build.0 = Release|Any CPU
		{46D17405-3F24-4E87-9B92-B4D32D2BBB87}.Release|ARM64.ActiveCfg = Release|Any CPU
		{46D17405-3F24-4E87-9B92-B4D32D2BBB87}.Release|ARM64.Build.0 = Release|Any CPU
		{46D17405-3F24-4E87-9B92-B4D32D2BBB87}.Release|iPhone.ActiveCfg = Release|Any CPU
		{46D17405-3F24-4E87-9B92-B4D32D2BBB87}.Release|iPhone.Build.0 = Release|Any CPU
		{46D17405-3F24-4E87-9B92-B4D32D2BBB87}.Release|iPhoneSimulator.ActiveCfg = Release|Any CPU
		{46D17405-3F24-4E87-9B92-B4D32D2BBB87}.Release|iPhoneSimulator.Build.0 = Release|Any CPU
		{46D17405-3F24-4E87-9B92-B4D32D2BBB87}.Release|x64.ActiveCfg = Release|Any CPU
		{46D17405-3F24-4E87-9B92-B4D32D2BBB87}.Release|x64.Build.0 = Release|Any CPU
		{46D17405-3F24-4E87-9B92-B4D32D2BBB87}.Release|x86.ActiveCfg = Release|Any CPU
		{46D17405-3F24-4E87-9B92-B4D32D2BBB87}.Release|x86.Build.0 = Release|Any CPU
		{0AE1CA21-36AE-4BF1-A2F6-B0F53928A0A2}.Debug|Any CPU.ActiveCfg = Debug|Any CPU
		{0AE1CA21-36AE-4BF1-A2F6-B0F53928A0A2}.Debug|Any CPU.Build.0 = Debug|Any CPU
		{0AE1CA21-36AE-4BF1-A2F6-B0F53928A0A2}.Debug|ARM.ActiveCfg = Debug|Any CPU
		{0AE1CA21-36AE-4BF1-A2F6-B0F53928A0A2}.Debug|ARM.Build.0 = Debug|Any CPU
		{0AE1CA21-36AE-4BF1-A2F6-B0F53928A0A2}.Debug|ARM64.ActiveCfg = Debug|Any CPU
		{0AE1CA21-36AE-4BF1-A2F6-B0F53928A0A2}.Debug|ARM64.Build.0 = Debug|Any CPU
		{0AE1CA21-36AE-4BF1-A2F6-B0F53928A0A2}.Debug|iPhone.ActiveCfg = Debug|Any CPU
		{0AE1CA21-36AE-4BF1-A2F6-B0F53928A0A2}.Debug|iPhone.Build.0 = Debug|Any CPU
		{0AE1CA21-36AE-4BF1-A2F6-B0F53928A0A2}.Debug|iPhoneSimulator.ActiveCfg = Debug|Any CPU
		{0AE1CA21-36AE-4BF1-A2F6-B0F53928A0A2}.Debug|iPhoneSimulator.Build.0 = Debug|Any CPU
		{0AE1CA21-36AE-4BF1-A2F6-B0F53928A0A2}.Debug|x64.ActiveCfg = Debug|Any CPU
		{0AE1CA21-36AE-4BF1-A2F6-B0F53928A0A2}.Debug|x64.Build.0 = Debug|Any CPU
		{0AE1CA21-36AE-4BF1-A2F6-B0F53928A0A2}.Debug|x86.ActiveCfg = Debug|Any CPU
		{0AE1CA21-36AE-4BF1-A2F6-B0F53928A0A2}.Debug|x86.Build.0 = Debug|Any CPU
		{0AE1CA21-36AE-4BF1-A2F6-B0F53928A0A2}.Release|Any CPU.ActiveCfg = Release|Any CPU
		{0AE1CA21-36AE-4BF1-A2F6-B0F53928A0A2}.Release|Any CPU.Build.0 = Release|Any CPU
		{0AE1CA21-36AE-4BF1-A2F6-B0F53928A0A2}.Release|ARM.ActiveCfg = Release|Any CPU
		{0AE1CA21-36AE-4BF1-A2F6-B0F53928A0A2}.Release|ARM.Build.0 = Release|Any CPU
		{0AE1CA21-36AE-4BF1-A2F6-B0F53928A0A2}.Release|ARM64.ActiveCfg = Release|Any CPU
		{0AE1CA21-36AE-4BF1-A2F6-B0F53928A0A2}.Release|ARM64.Build.0 = Release|Any CPU
		{0AE1CA21-36AE-4BF1-A2F6-B0F53928A0A2}.Release|iPhone.ActiveCfg = Release|Any CPU
		{0AE1CA21-36AE-4BF1-A2F6-B0F53928A0A2}.Release|iPhone.Build.0 = Release|Any CPU
		{0AE1CA21-36AE-4BF1-A2F6-B0F53928A0A2}.Release|iPhoneSimulator.ActiveCfg = Release|Any CPU
		{0AE1CA21-36AE-4BF1-A2F6-B0F53928A0A2}.Release|iPhoneSimulator.Build.0 = Release|Any CPU
		{0AE1CA21-36AE-4BF1-A2F6-B0F53928A0A2}.Release|x64.ActiveCfg = Release|Any CPU
		{0AE1CA21-36AE-4BF1-A2F6-B0F53928A0A2}.Release|x64.Build.0 = Release|Any CPU
		{0AE1CA21-36AE-4BF1-A2F6-B0F53928A0A2}.Release|x86.ActiveCfg = Release|Any CPU
		{0AE1CA21-36AE-4BF1-A2F6-B0F53928A0A2}.Release|x86.Build.0 = Release|Any CPU
		{12AB98BB-55E6-4E2C-9DF9-3D39C42ED8DB}.Debug|Any CPU.ActiveCfg = Debug|Any CPU
		{12AB98BB-55E6-4E2C-9DF9-3D39C42ED8DB}.Debug|Any CPU.Build.0 = Debug|Any CPU
		{12AB98BB-55E6-4E2C-9DF9-3D39C42ED8DB}.Debug|ARM.ActiveCfg = Debug|Any CPU
		{12AB98BB-55E6-4E2C-9DF9-3D39C42ED8DB}.Debug|ARM.Build.0 = Debug|Any CPU
		{12AB98BB-55E6-4E2C-9DF9-3D39C42ED8DB}.Debug|ARM64.ActiveCfg = Debug|Any CPU
		{12AB98BB-55E6-4E2C-9DF9-3D39C42ED8DB}.Debug|ARM64.Build.0 = Debug|Any CPU
		{12AB98BB-55E6-4E2C-9DF9-3D39C42ED8DB}.Debug|iPhone.ActiveCfg = Debug|Any CPU
		{12AB98BB-55E6-4E2C-9DF9-3D39C42ED8DB}.Debug|iPhone.Build.0 = Debug|Any CPU
		{12AB98BB-55E6-4E2C-9DF9-3D39C42ED8DB}.Debug|iPhoneSimulator.ActiveCfg = Debug|Any CPU
		{12AB98BB-55E6-4E2C-9DF9-3D39C42ED8DB}.Debug|iPhoneSimulator.Build.0 = Debug|Any CPU
		{12AB98BB-55E6-4E2C-9DF9-3D39C42ED8DB}.Debug|x64.ActiveCfg = Debug|Any CPU
		{12AB98BB-55E6-4E2C-9DF9-3D39C42ED8DB}.Debug|x64.Build.0 = Debug|Any CPU
		{12AB98BB-55E6-4E2C-9DF9-3D39C42ED8DB}.Debug|x86.ActiveCfg = Debug|Any CPU
		{12AB98BB-55E6-4E2C-9DF9-3D39C42ED8DB}.Debug|x86.Build.0 = Debug|Any CPU
		{12AB98BB-55E6-4E2C-9DF9-3D39C42ED8DB}.Release|Any CPU.ActiveCfg = Release|Any CPU
		{12AB98BB-55E6-4E2C-9DF9-3D39C42ED8DB}.Release|Any CPU.Build.0 = Release|Any CPU
		{12AB98BB-55E6-4E2C-9DF9-3D39C42ED8DB}.Release|ARM.ActiveCfg = Release|Any CPU
		{12AB98BB-55E6-4E2C-9DF9-3D39C42ED8DB}.Release|ARM.Build.0 = Release|Any CPU
		{12AB98BB-55E6-4E2C-9DF9-3D39C42ED8DB}.Release|ARM64.ActiveCfg = Release|Any CPU
		{12AB98BB-55E6-4E2C-9DF9-3D39C42ED8DB}.Release|ARM64.Build.0 = Release|Any CPU
		{12AB98BB-55E6-4E2C-9DF9-3D39C42ED8DB}.Release|iPhone.ActiveCfg = Release|Any CPU
		{12AB98BB-55E6-4E2C-9DF9-3D39C42ED8DB}.Release|iPhone.Build.0 = Release|Any CPU
		{12AB98BB-55E6-4E2C-9DF9-3D39C42ED8DB}.Release|iPhoneSimulator.ActiveCfg = Release|Any CPU
		{12AB98BB-55E6-4E2C-9DF9-3D39C42ED8DB}.Release|iPhoneSimulator.Build.0 = Release|Any CPU
		{12AB98BB-55E6-4E2C-9DF9-3D39C42ED8DB}.Release|x64.ActiveCfg = Release|Any CPU
		{12AB98BB-55E6-4E2C-9DF9-3D39C42ED8DB}.Release|x64.Build.0 = Release|Any CPU
		{12AB98BB-55E6-4E2C-9DF9-3D39C42ED8DB}.Release|x86.ActiveCfg = Release|Any CPU
		{12AB98BB-55E6-4E2C-9DF9-3D39C42ED8DB}.Release|x86.Build.0 = Release|Any CPU
		{1D8F3B10-56E5-4261-A4B8-CDBAE2B5C2BF}.Debug|Any CPU.ActiveCfg = Debug|Any CPU
		{1D8F3B10-56E5-4261-A4B8-CDBAE2B5C2BF}.Debug|Any CPU.Build.0 = Debug|Any CPU
		{1D8F3B10-56E5-4261-A4B8-CDBAE2B5C2BF}.Debug|Any CPU.Deploy.0 = Debug|Any CPU
		{1D8F3B10-56E5-4261-A4B8-CDBAE2B5C2BF}.Debug|ARM.ActiveCfg = Debug|Any CPU
		{1D8F3B10-56E5-4261-A4B8-CDBAE2B5C2BF}.Debug|ARM.Build.0 = Debug|Any CPU
		{1D8F3B10-56E5-4261-A4B8-CDBAE2B5C2BF}.Debug|ARM.Deploy.0 = Debug|Any CPU
		{1D8F3B10-56E5-4261-A4B8-CDBAE2B5C2BF}.Debug|ARM64.ActiveCfg = Debug|Any CPU
		{1D8F3B10-56E5-4261-A4B8-CDBAE2B5C2BF}.Debug|ARM64.Build.0 = Debug|Any CPU
		{1D8F3B10-56E5-4261-A4B8-CDBAE2B5C2BF}.Debug|ARM64.Deploy.0 = Debug|Any CPU
		{1D8F3B10-56E5-4261-A4B8-CDBAE2B5C2BF}.Debug|iPhone.ActiveCfg = Debug|Any CPU
		{1D8F3B10-56E5-4261-A4B8-CDBAE2B5C2BF}.Debug|iPhone.Build.0 = Debug|Any CPU
		{1D8F3B10-56E5-4261-A4B8-CDBAE2B5C2BF}.Debug|iPhone.Deploy.0 = Debug|Any CPU
		{1D8F3B10-56E5-4261-A4B8-CDBAE2B5C2BF}.Debug|iPhoneSimulator.ActiveCfg = Debug|Any CPU
		{1D8F3B10-56E5-4261-A4B8-CDBAE2B5C2BF}.Debug|iPhoneSimulator.Build.0 = Debug|Any CPU
		{1D8F3B10-56E5-4261-A4B8-CDBAE2B5C2BF}.Debug|iPhoneSimulator.Deploy.0 = Debug|Any CPU
		{1D8F3B10-56E5-4261-A4B8-CDBAE2B5C2BF}.Debug|x64.ActiveCfg = Debug|Any CPU
		{1D8F3B10-56E5-4261-A4B8-CDBAE2B5C2BF}.Debug|x64.Build.0 = Debug|Any CPU
		{1D8F3B10-56E5-4261-A4B8-CDBAE2B5C2BF}.Debug|x64.Deploy.0 = Debug|Any CPU
		{1D8F3B10-56E5-4261-A4B8-CDBAE2B5C2BF}.Debug|x86.ActiveCfg = Debug|Any CPU
		{1D8F3B10-56E5-4261-A4B8-CDBAE2B5C2BF}.Debug|x86.Build.0 = Debug|Any CPU
		{1D8F3B10-56E5-4261-A4B8-CDBAE2B5C2BF}.Debug|x86.Deploy.0 = Debug|Any CPU
		{1D8F3B10-56E5-4261-A4B8-CDBAE2B5C2BF}.Release|Any CPU.ActiveCfg = Release|Any CPU
		{1D8F3B10-56E5-4261-A4B8-CDBAE2B5C2BF}.Release|Any CPU.Build.0 = Release|Any CPU
		{1D8F3B10-56E5-4261-A4B8-CDBAE2B5C2BF}.Release|Any CPU.Deploy.0 = Release|Any CPU
		{1D8F3B10-56E5-4261-A4B8-CDBAE2B5C2BF}.Release|ARM.ActiveCfg = Release|Any CPU
		{1D8F3B10-56E5-4261-A4B8-CDBAE2B5C2BF}.Release|ARM.Build.0 = Release|Any CPU
		{1D8F3B10-56E5-4261-A4B8-CDBAE2B5C2BF}.Release|ARM.Deploy.0 = Release|Any CPU
		{1D8F3B10-56E5-4261-A4B8-CDBAE2B5C2BF}.Release|ARM64.ActiveCfg = Release|Any CPU
		{1D8F3B10-56E5-4261-A4B8-CDBAE2B5C2BF}.Release|ARM64.Build.0 = Release|Any CPU
		{1D8F3B10-56E5-4261-A4B8-CDBAE2B5C2BF}.Release|ARM64.Deploy.0 = Release|Any CPU
		{1D8F3B10-56E5-4261-A4B8-CDBAE2B5C2BF}.Release|iPhone.ActiveCfg = Release|Any CPU
		{1D8F3B10-56E5-4261-A4B8-CDBAE2B5C2BF}.Release|iPhone.Build.0 = Release|Any CPU
		{1D8F3B10-56E5-4261-A4B8-CDBAE2B5C2BF}.Release|iPhone.Deploy.0 = Release|Any CPU
		{1D8F3B10-56E5-4261-A4B8-CDBAE2B5C2BF}.Release|iPhoneSimulator.ActiveCfg = Release|Any CPU
		{1D8F3B10-56E5-4261-A4B8-CDBAE2B5C2BF}.Release|iPhoneSimulator.Build.0 = Release|Any CPU
		{1D8F3B10-56E5-4261-A4B8-CDBAE2B5C2BF}.Release|iPhoneSimulator.Deploy.0 = Release|Any CPU
		{1D8F3B10-56E5-4261-A4B8-CDBAE2B5C2BF}.Release|x64.ActiveCfg = Release|Any CPU
		{1D8F3B10-56E5-4261-A4B8-CDBAE2B5C2BF}.Release|x64.Build.0 = Release|Any CPU
		{1D8F3B10-56E5-4261-A4B8-CDBAE2B5C2BF}.Release|x64.Deploy.0 = Release|Any CPU
		{1D8F3B10-56E5-4261-A4B8-CDBAE2B5C2BF}.Release|x86.ActiveCfg = Release|Any CPU
		{1D8F3B10-56E5-4261-A4B8-CDBAE2B5C2BF}.Release|x86.Build.0 = Release|Any CPU
		{1D8F3B10-56E5-4261-A4B8-CDBAE2B5C2BF}.Release|x86.Deploy.0 = Release|Any CPU
		{65E632B9-F5BE-45CC-B33B-6AE3CE1F6C3B}.Debug|Any CPU.ActiveCfg = Debug|iPhoneSimulator
		{65E632B9-F5BE-45CC-B33B-6AE3CE1F6C3B}.Debug|ARM.ActiveCfg = Debug|iPhoneSimulator
		{65E632B9-F5BE-45CC-B33B-6AE3CE1F6C3B}.Debug|ARM64.ActiveCfg = Debug|iPhone
		{65E632B9-F5BE-45CC-B33B-6AE3CE1F6C3B}.Debug|iPhone.ActiveCfg = Debug|iPhone
		{65E632B9-F5BE-45CC-B33B-6AE3CE1F6C3B}.Debug|iPhone.Build.0 = Debug|iPhone
		{65E632B9-F5BE-45CC-B33B-6AE3CE1F6C3B}.Debug|iPhoneSimulator.ActiveCfg = Debug|iPhoneSimulator
		{65E632B9-F5BE-45CC-B33B-6AE3CE1F6C3B}.Debug|iPhoneSimulator.Build.0 = Debug|iPhoneSimulator
		{65E632B9-F5BE-45CC-B33B-6AE3CE1F6C3B}.Debug|x64.ActiveCfg = Debug|iPhoneSimulator
		{65E632B9-F5BE-45CC-B33B-6AE3CE1F6C3B}.Debug|x86.ActiveCfg = Debug|iPhoneSimulator
		{65E632B9-F5BE-45CC-B33B-6AE3CE1F6C3B}.Release|Any CPU.ActiveCfg = Release|iPhoneSimulator
		{65E632B9-F5BE-45CC-B33B-6AE3CE1F6C3B}.Release|ARM.ActiveCfg = Release|iPhoneSimulator
		{65E632B9-F5BE-45CC-B33B-6AE3CE1F6C3B}.Release|ARM64.ActiveCfg = Release|iPhone
		{65E632B9-F5BE-45CC-B33B-6AE3CE1F6C3B}.Release|iPhone.ActiveCfg = Release|iPhone
		{65E632B9-F5BE-45CC-B33B-6AE3CE1F6C3B}.Release|iPhone.Build.0 = Release|iPhone
		{65E632B9-F5BE-45CC-B33B-6AE3CE1F6C3B}.Release|iPhoneSimulator.ActiveCfg = Release|iPhoneSimulator
		{65E632B9-F5BE-45CC-B33B-6AE3CE1F6C3B}.Release|iPhoneSimulator.Build.0 = Release|iPhoneSimulator
		{65E632B9-F5BE-45CC-B33B-6AE3CE1F6C3B}.Release|x64.ActiveCfg = Release|iPhoneSimulator
		{65E632B9-F5BE-45CC-B33B-6AE3CE1F6C3B}.Release|x86.ActiveCfg = Release|iPhoneSimulator
		{F008B9A5-CC70-4B17-9C39-2E4B93CD4F46}.Debug|Any CPU.ActiveCfg = Debug|x86
		{F008B9A5-CC70-4B17-9C39-2E4B93CD4F46}.Debug|ARM.ActiveCfg = Debug|ARM
		{F008B9A5-CC70-4B17-9C39-2E4B93CD4F46}.Debug|ARM.Build.0 = Debug|ARM
		{F008B9A5-CC70-4B17-9C39-2E4B93CD4F46}.Debug|ARM.Deploy.0 = Debug|ARM
		{F008B9A5-CC70-4B17-9C39-2E4B93CD4F46}.Debug|ARM64.ActiveCfg = Debug|x86
		{F008B9A5-CC70-4B17-9C39-2E4B93CD4F46}.Debug|iPhone.ActiveCfg = Debug|x86
		{F008B9A5-CC70-4B17-9C39-2E4B93CD4F46}.Debug|iPhoneSimulator.ActiveCfg = Debug|x86
		{F008B9A5-CC70-4B17-9C39-2E4B93CD4F46}.Debug|x64.ActiveCfg = Debug|x64
		{F008B9A5-CC70-4B17-9C39-2E4B93CD4F46}.Debug|x64.Build.0 = Debug|x64
		{F008B9A5-CC70-4B17-9C39-2E4B93CD4F46}.Debug|x64.Deploy.0 = Debug|x64
		{F008B9A5-CC70-4B17-9C39-2E4B93CD4F46}.Debug|x86.ActiveCfg = Debug|x86
		{F008B9A5-CC70-4B17-9C39-2E4B93CD4F46}.Debug|x86.Build.0 = Debug|x86
		{F008B9A5-CC70-4B17-9C39-2E4B93CD4F46}.Debug|x86.Deploy.0 = Debug|x86
		{F008B9A5-CC70-4B17-9C39-2E4B93CD4F46}.Release|Any CPU.ActiveCfg = Release|x86
		{F008B9A5-CC70-4B17-9C39-2E4B93CD4F46}.Release|ARM.ActiveCfg = Release|ARM
		{F008B9A5-CC70-4B17-9C39-2E4B93CD4F46}.Release|ARM.Build.0 = Release|ARM
		{F008B9A5-CC70-4B17-9C39-2E4B93CD4F46}.Release|ARM.Deploy.0 = Release|ARM
		{F008B9A5-CC70-4B17-9C39-2E4B93CD4F46}.Release|ARM64.ActiveCfg = Release|x86
		{F008B9A5-CC70-4B17-9C39-2E4B93CD4F46}.Release|iPhone.ActiveCfg = Release|x86
		{F008B9A5-CC70-4B17-9C39-2E4B93CD4F46}.Release|iPhoneSimulator.ActiveCfg = Release|x86
		{F008B9A5-CC70-4B17-9C39-2E4B93CD4F46}.Release|x64.ActiveCfg = Release|x64
		{F008B9A5-CC70-4B17-9C39-2E4B93CD4F46}.Release|x64.Build.0 = Release|x64
		{F008B9A5-CC70-4B17-9C39-2E4B93CD4F46}.Release|x64.Deploy.0 = Release|x64
		{F008B9A5-CC70-4B17-9C39-2E4B93CD4F46}.Release|x86.ActiveCfg = Release|x86
		{F008B9A5-CC70-4B17-9C39-2E4B93CD4F46}.Release|x86.Build.0 = Release|x86
		{F008B9A5-CC70-4B17-9C39-2E4B93CD4F46}.Release|x86.Deploy.0 = Release|x86
		{2D79E419-3177-432A-BC6B-66D8A95E5DDE}.Debug|Any CPU.ActiveCfg = Debug|Any CPU
		{2D79E419-3177-432A-BC6B-66D8A95E5DDE}.Debug|Any CPU.Build.0 = Debug|Any CPU
		{2D79E419-3177-432A-BC6B-66D8A95E5DDE}.Debug|ARM.ActiveCfg = Debug|Any CPU
		{2D79E419-3177-432A-BC6B-66D8A95E5DDE}.Debug|ARM.Build.0 = Debug|Any CPU
		{2D79E419-3177-432A-BC6B-66D8A95E5DDE}.Debug|ARM64.ActiveCfg = Debug|Any CPU
		{2D79E419-3177-432A-BC6B-66D8A95E5DDE}.Debug|ARM64.Build.0 = Debug|Any CPU
		{2D79E419-3177-432A-BC6B-66D8A95E5DDE}.Debug|iPhone.ActiveCfg = Debug|Any CPU
		{2D79E419-3177-432A-BC6B-66D8A95E5DDE}.Debug|iPhone.Build.0 = Debug|Any CPU
		{2D79E419-3177-432A-BC6B-66D8A95E5DDE}.Debug|iPhoneSimulator.ActiveCfg = Debug|Any CPU
		{2D79E419-3177-432A-BC6B-66D8A95E5DDE}.Debug|iPhoneSimulator.Build.0 = Debug|Any CPU
		{2D79E419-3177-432A-BC6B-66D8A95E5DDE}.Debug|x64.ActiveCfg = Debug|Any CPU
		{2D79E419-3177-432A-BC6B-66D8A95E5DDE}.Debug|x64.Build.0 = Debug|Any CPU
		{2D79E419-3177-432A-BC6B-66D8A95E5DDE}.Debug|x86.ActiveCfg = Debug|Any CPU
		{2D79E419-3177-432A-BC6B-66D8A95E5DDE}.Debug|x86.Build.0 = Debug|Any CPU
		{2D79E419-3177-432A-BC6B-66D8A95E5DDE}.Release|Any CPU.ActiveCfg = Release|Any CPU
		{2D79E419-3177-432A-BC6B-66D8A95E5DDE}.Release|Any CPU.Build.0 = Release|Any CPU
		{2D79E419-3177-432A-BC6B-66D8A95E5DDE}.Release|ARM.ActiveCfg = Release|Any CPU
		{2D79E419-3177-432A-BC6B-66D8A95E5DDE}.Release|ARM.Build.0 = Release|Any CPU
		{2D79E419-3177-432A-BC6B-66D8A95E5DDE}.Release|ARM64.ActiveCfg = Release|Any CPU
		{2D79E419-3177-432A-BC6B-66D8A95E5DDE}.Release|ARM64.Build.0 = Release|Any CPU
		{2D79E419-3177-432A-BC6B-66D8A95E5DDE}.Release|iPhone.ActiveCfg = Release|Any CPU
		{2D79E419-3177-432A-BC6B-66D8A95E5DDE}.Release|iPhone.Build.0 = Release|Any CPU
		{2D79E419-3177-432A-BC6B-66D8A95E5DDE}.Release|iPhoneSimulator.ActiveCfg = Release|Any CPU
		{2D79E419-3177-432A-BC6B-66D8A95E5DDE}.Release|iPhoneSimulator.Build.0 = Release|Any CPU
		{2D79E419-3177-432A-BC6B-66D8A95E5DDE}.Release|x64.ActiveCfg = Release|Any CPU
		{2D79E419-3177-432A-BC6B-66D8A95E5DDE}.Release|x64.Build.0 = Release|Any CPU
		{2D79E419-3177-432A-BC6B-66D8A95E5DDE}.Release|x86.ActiveCfg = Release|Any CPU
		{2D79E419-3177-432A-BC6B-66D8A95E5DDE}.Release|x86.Build.0 = Release|Any CPU
		{B281BA4E-AD9A-490B-87E0-742F71480C17}.Debug|Any CPU.ActiveCfg = Debug|Any CPU
		{B281BA4E-AD9A-490B-87E0-742F71480C17}.Debug|Any CPU.Build.0 = Debug|Any CPU
		{B281BA4E-AD9A-490B-87E0-742F71480C17}.Debug|ARM.ActiveCfg = Debug|Any CPU
		{B281BA4E-AD9A-490B-87E0-742F71480C17}.Debug|ARM.Build.0 = Debug|Any CPU
		{B281BA4E-AD9A-490B-87E0-742F71480C17}.Debug|ARM64.ActiveCfg = Debug|Any CPU
		{B281BA4E-AD9A-490B-87E0-742F71480C17}.Debug|ARM64.Build.0 = Debug|Any CPU
		{B281BA4E-AD9A-490B-87E0-742F71480C17}.Debug|iPhone.ActiveCfg = Debug|Any CPU
		{B281BA4E-AD9A-490B-87E0-742F71480C17}.Debug|iPhone.Build.0 = Debug|Any CPU
		{B281BA4E-AD9A-490B-87E0-742F71480C17}.Debug|iPhoneSimulator.ActiveCfg = Debug|Any CPU
		{B281BA4E-AD9A-490B-87E0-742F71480C17}.Debug|iPhoneSimulator.Build.0 = Debug|Any CPU
		{B281BA4E-AD9A-490B-87E0-742F71480C17}.Debug|x64.ActiveCfg = Debug|Any CPU
		{B281BA4E-AD9A-490B-87E0-742F71480C17}.Debug|x64.Build.0 = Debug|Any CPU
		{B281BA4E-AD9A-490B-87E0-742F71480C17}.Debug|x86.ActiveCfg = Debug|Any CPU
		{B281BA4E-AD9A-490B-87E0-742F71480C17}.Debug|x86.Build.0 = Debug|Any CPU
		{B281BA4E-AD9A-490B-87E0-742F71480C17}.Release|Any CPU.ActiveCfg = Release|Any CPU
		{B281BA4E-AD9A-490B-87E0-742F71480C17}.Release|Any CPU.Build.0 = Release|Any CPU
		{B281BA4E-AD9A-490B-87E0-742F71480C17}.Release|ARM.ActiveCfg = Release|Any CPU
		{B281BA4E-AD9A-490B-87E0-742F71480C17}.Release|ARM.Build.0 = Release|Any CPU
		{B281BA4E-AD9A-490B-87E0-742F71480C17}.Release|ARM64.ActiveCfg = Release|Any CPU
		{B281BA4E-AD9A-490B-87E0-742F71480C17}.Release|ARM64.Build.0 = Release|Any CPU
		{B281BA4E-AD9A-490B-87E0-742F71480C17}.Release|iPhone.ActiveCfg = Release|Any CPU
		{B281BA4E-AD9A-490B-87E0-742F71480C17}.Release|iPhone.Build.0 = Release|Any CPU
		{B281BA4E-AD9A-490B-87E0-742F71480C17}.Release|iPhoneSimulator.ActiveCfg = Release|Any CPU
		{B281BA4E-AD9A-490B-87E0-742F71480C17}.Release|iPhoneSimulator.Build.0 = Release|Any CPU
		{B281BA4E-AD9A-490B-87E0-742F71480C17}.Release|x64.ActiveCfg = Release|Any CPU
		{B281BA4E-AD9A-490B-87E0-742F71480C17}.Release|x64.Build.0 = Release|Any CPU
		{B281BA4E-AD9A-490B-87E0-742F71480C17}.Release|x86.ActiveCfg = Release|Any CPU
		{B281BA4E-AD9A-490B-87E0-742F71480C17}.Release|x86.Build.0 = Release|Any CPU
		{621CD3EF-9C49-4B17-ACC2-2BECDAEEB2D6}.Debug|Any CPU.ActiveCfg = Debug|Any CPU
		{621CD3EF-9C49-4B17-ACC2-2BECDAEEB2D6}.Debug|Any CPU.Build.0 = Debug|Any CPU
		{621CD3EF-9C49-4B17-ACC2-2BECDAEEB2D6}.Debug|ARM.ActiveCfg = Debug|ARM
		{621CD3EF-9C49-4B17-ACC2-2BECDAEEB2D6}.Debug|ARM.Build.0 = Debug|ARM
		{621CD3EF-9C49-4B17-ACC2-2BECDAEEB2D6}.Debug|ARM64.ActiveCfg = Debug|ARM64
		{621CD3EF-9C49-4B17-ACC2-2BECDAEEB2D6}.Debug|ARM64.Build.0 = Debug|ARM64
		{621CD3EF-9C49-4B17-ACC2-2BECDAEEB2D6}.Debug|iPhone.ActiveCfg = Debug|Any CPU
		{621CD3EF-9C49-4B17-ACC2-2BECDAEEB2D6}.Debug|iPhone.Build.0 = Debug|Any CPU
		{621CD3EF-9C49-4B17-ACC2-2BECDAEEB2D6}.Debug|iPhoneSimulator.ActiveCfg = Debug|Any CPU
		{621CD3EF-9C49-4B17-ACC2-2BECDAEEB2D6}.Debug|iPhoneSimulator.Build.0 = Debug|Any CPU
		{621CD3EF-9C49-4B17-ACC2-2BECDAEEB2D6}.Debug|x64.ActiveCfg = Debug|x64
		{621CD3EF-9C49-4B17-ACC2-2BECDAEEB2D6}.Debug|x64.Build.0 = Debug|x64
		{621CD3EF-9C49-4B17-ACC2-2BECDAEEB2D6}.Debug|x86.ActiveCfg = Debug|x86
		{621CD3EF-9C49-4B17-ACC2-2BECDAEEB2D6}.Debug|x86.Build.0 = Debug|x86
		{621CD3EF-9C49-4B17-ACC2-2BECDAEEB2D6}.Release|Any CPU.ActiveCfg = Release|Any CPU
		{621CD3EF-9C49-4B17-ACC2-2BECDAEEB2D6}.Release|Any CPU.Build.0 = Release|Any CPU
		{621CD3EF-9C49-4B17-ACC2-2BECDAEEB2D6}.Release|ARM.ActiveCfg = Release|ARM
		{621CD3EF-9C49-4B17-ACC2-2BECDAEEB2D6}.Release|ARM.Build.0 = Release|ARM
		{621CD3EF-9C49-4B17-ACC2-2BECDAEEB2D6}.Release|ARM64.ActiveCfg = Release|ARM64
		{621CD3EF-9C49-4B17-ACC2-2BECDAEEB2D6}.Release|ARM64.Build.0 = Release|ARM64
		{621CD3EF-9C49-4B17-ACC2-2BECDAEEB2D6}.Release|iPhone.ActiveCfg = Release|Any CPU
		{621CD3EF-9C49-4B17-ACC2-2BECDAEEB2D6}.Release|iPhone.Build.0 = Release|Any CPU
		{621CD3EF-9C49-4B17-ACC2-2BECDAEEB2D6}.Release|iPhoneSimulator.ActiveCfg = Release|Any CPU
		{621CD3EF-9C49-4B17-ACC2-2BECDAEEB2D6}.Release|iPhoneSimulator.Build.0 = Release|Any CPU
		{621CD3EF-9C49-4B17-ACC2-2BECDAEEB2D6}.Release|x64.ActiveCfg = Release|x64
		{621CD3EF-9C49-4B17-ACC2-2BECDAEEB2D6}.Release|x64.Build.0 = Release|x64
		{621CD3EF-9C49-4B17-ACC2-2BECDAEEB2D6}.Release|x86.ActiveCfg = Release|x86
		{621CD3EF-9C49-4B17-ACC2-2BECDAEEB2D6}.Release|x86.Build.0 = Release|x86
	EndGlobalSection
	GlobalSection(SolutionProperties) = preSolution
		HideSolutionNode = FALSE
	EndGlobalSection
	GlobalSection(NestedProjects) = preSolution
		{0AE1CA21-36AE-4BF1-A2F6-B0F53928A0A2} = {23D95050-F99A-4AC4-B67C-DF8B1F576F83}
		{12AB98BB-55E6-4E2C-9DF9-3D39C42ED8DB} = {5CE96734-7673-48EA-9B6E-B412232C9A6A}
		{1D8F3B10-56E5-4261-A4B8-CDBAE2B5C2BF} = {5CE96734-7673-48EA-9B6E-B412232C9A6A}
		{65E632B9-F5BE-45CC-B33B-6AE3CE1F6C3B} = {5CE96734-7673-48EA-9B6E-B412232C9A6A}
		{F008B9A5-CC70-4B17-9C39-2E4B93CD4F46} = {5CE96734-7673-48EA-9B6E-B412232C9A6A}
		{2D79E419-3177-432A-BC6B-66D8A95E5DDE} = {23D95050-F99A-4AC4-B67C-DF8B1F576F83}
		{B281BA4E-AD9A-490B-87E0-742F71480C17} = {23D95050-F99A-4AC4-B67C-DF8B1F576F83}
		{621CD3EF-9C49-4B17-ACC2-2BECDAEEB2D6} = {23D95050-F99A-4AC4-B67C-DF8B1F576F83}
	EndGlobalSection
	GlobalSection(ExtensibilityGlobals) = postSolution
		SolutionGuid = {21A802BD-F08A-454C-9722-877346A4FBEE}
	EndGlobalSection
EndGlobal
